
Microsoft Visual Studio Solution File, Format Version 12.00
# Visual Studio Version 17
VisualStudioVersion = 17.11.35219.272
MinimumVisualStudioVersion = 10.0.40219.1
Project("{FAE04EC0-301F-11D3-BF4B-00C04F79EFBC}") = "PingKicker", "PingKicker\PingKicker.csproj", "{A6318FFA-AB58-41C2-89C4-C27C4575978C}"
EndProject
Project("{FAE04EC0-301F-11D3-BF4B-00C04F79EFBC}") = "PingKickerN", "ClassLibrary1\PingKickerN.csproj", "{5F346AD9-5C31-4396-ACD1-4DEFF3440C19}"
EndProject
Global
	GlobalSection(SolutionConfigurationPlatforms) = preSolution
		Debug|Any CPU = Debug|Any CPU
		Release|Any CPU = Release|Any CPU
	EndGlobalSection
	GlobalSection(ProjectConfigurationPlatforms) = postSolution
		{A6318FFA-AB58-41C2-89C4-C27C4575978C}.Debug|Any CPU.ActiveCfg = Debug|Any CPU
		{A6318FFA-AB58-41C2-89C4-C27C4575978C}.Debug|Any CPU.Build.0 = Debug|Any CPU
		{A6318FFA-AB58-41C2-89C4-C27C4575978C}.Release|Any CPU.ActiveCfg = Release|Any CPU
		{A6318FFA-AB58-41C2-89C4-C27C4575978C}.Release|Any CPU.Build.0 = Release|Any CPU
		{5F346AD9-5C31-4396-ACD1-4DEFF3440C19}.Debug|Any CPU.ActiveCfg = Debug|Any CPU
		{5F346AD9-5C31-4396-ACD1-4DEFF3440C19}.Debug|Any CPU.Build.0 = Debug|Any CPU
		{5F346AD9-5C31-4396-ACD1-4DEFF3440C19}.Release|Any CPU.ActiveCfg = Release|Any CPU
		{5F346AD9-5C31-4396-ACD1-4DEFF3440C19}.Release|Any CPU.Build.0 = Release|Any CPU
	EndGlobalSection
	GlobalSection(SolutionProperties) = preSolution
		HideSolutionNode = FALSE
	EndGlobalSection
	GlobalSection(ExtensibilityGlobals) = postSolution
		SolutionGuid = {CF1A8B0D-EB8D-4934-92B5-0D1A1BF1544C}
	EndGlobalSection
EndGlobal
